
Microsoft Visual Studio Solution File, Format Version 11.00
# Visual Studio 2010
Project("{FAE04EC0-301F-11D3-BF4B-00C04F79EFBC}") = "Assembly-CSharp", "Assembly-CSharp.csproj", "{d9c1441c-3fbc-f985-3488-f2660475a9a0}"
EndProject
Project("{FAE04EC0-301F-11D3-BF4B-00C04F79EFBC}") = "Assembly-CSharp-Editor", "Assembly-CSharp-Editor.csproj", "{9b127b58-e4e3-4357-84a6-1d84f0a3678a}"
EndProject
Global
	GlobalSection(SolutionConfigurationPlatforms) = preSolution
		Debug|Any CPU = Debug|Any CPU
	EndGlobalSection
	GlobalSection(ProjectConfigurationPlatforms) = postSolution
		{d9c1441c-3fbc-f985-3488-f2660475a9a0}.Debug|Any CPU.ActiveCfg = Debug|Any CPU
		{d9c1441c-3fbc-f985-3488-f2660475a9a0}.Debug|Any CPU.Build.0 = Debug|Any CPU
		{9b127b58-e4e3-4357-84a6-1d84f0a3678a}.Debug|Any CPU.ActiveCfg = Debug|Any CPU
		{9b127b58-e4e3-4357-84a6-1d84f0a3678a}.Debug|Any CPU.Build.0 = Debug|Any CPU
	EndGlobalSection
	GlobalSection(SolutionProperties) = preSolution
		HideSolutionNode = FALSE
	EndGlobalSection
EndGlobal
